// !$*UTF8*$!
{
	archiveVersion = 1;
	classes = {
	};
	objectVersion = 50;
	objects = {

/* Begin PBXBuildFile section */
		4B5268312377325D00C01F19 /* AppDelegate.swift in Sources */ = {isa = PBXBuildFile; fileRef = 4B5268302377325D00C01F19 /* AppDelegate.swift */; };
		4B5268332377325D00C01F19 /* SceneDelegate.swift in Sources */ = {isa = PBXBuildFile; fileRef = 4B5268322377325D00C01F19 /* SceneDelegate.swift */; };
		4B5268382377325D00C01F19 /* Main.storyboard in Resources */ = {isa = PBXBuildFile; fileRef = 4B5268362377325D00C01F19 /* Main.storyboard */; };
		4B52683A2377325F00C01F19 /* Assets.xcassets in Resources */ = {isa = PBXBuildFile; fileRef = 4B5268392377325F00C01F19 /* Assets.xcassets */; };
		4B52683D2377325F00C01F19 /* LaunchScreen.storyboard in Resources */ = {isa = PBXBuildFile; fileRef = 4B52683B2377325F00C01F19 /* LaunchScreen.storyboard */; };
		4B5268482377325F00C01F19 /* WorldTrotterTests.swift in Sources */ = {isa = PBXBuildFile; fileRef = 4B5268472377325F00C01F19 /* WorldTrotterTests.swift */; };
		4B5268532377325F00C01F19 /* WorldTrotterUITests.swift in Sources */ = {isa = PBXBuildFile; fileRef = 4B5268522377325F00C01F19 /* WorldTrotterUITests.swift */; };
		4B61FF86237FBA5B0055EDD4 /* ConversionViewController.swift in Sources */ = {isa = PBXBuildFile; fileRef = 4B61FF85237FBA5B0055EDD4 /* ConversionViewController.swift */; };
		4B61FF89238075B40055EDD4 /* MapKit.framework in Frameworks */ = {isa = PBXBuildFile; fileRef = 4B61FF88238075B40055EDD4 /* MapKit.framework */; };
/* End PBXBuildFile section */

/* Begin PBXContainerItemProxy section */
		4B5268442377325F00C01F19 /* PBXContainerItemProxy */ = {
			isa = PBXContainerItemProxy;
			containerPortal = 4B5268252377325D00C01F19 /* Project object */;
			proxyType = 1;
			remoteGlobalIDString = 4B52682C2377325D00C01F19;
			remoteInfo = WorldTrotter;
		};
		4B52684F2377325F00C01F19 /* PBXContainerItemProxy */ = {
			isa = PBXContainerItemProxy;
			containerPortal = 4B5268252377325D00C01F19 /* Project object */;
			proxyType = 1;
			remoteGlobalIDString = 4B52682C2377325D00C01F19;
			remoteInfo = WorldTrotter;
		};
/* End PBXContainerItemProxy section */

/* Begin PBXFileReference section */
		4B52682D2377325D00C01F19 /* WorldTrotter.app */ = {isa = PBXFileReference; explicitFileType = wrapper.application; includeInIndex = 0; path = WorldTrotter.app; sourceTree = BUILT_PRODUCTS_DIR; };
		4B5268302377325D00C01F19 /* AppDelegate.swift */ = {isa = PBXFileReference; lastKnownFileType = sourcecode.swift; path = AppDelegate.swift; sourceTree = "<group>"; };
		4B5268322377325D00C01F19 /* SceneDelegate.swift */ = {isa = PBXFileReference; lastKnownFileType = sourcecode.swift; path = SceneDelegate.swift; sourceTree = "<group>"; };
		4B5268372377325D00C01F19 /* Base */ = {isa = PBXFileReference; lastKnownFileType = file.storyboard; name = Base; path = Base.lproj/Main.storyboard; sourceTree = "<group>"; };
		4B5268392377325F00C01F19 /* Assets.xcassets */ = {isa = PBXFileReference; lastKnownFileType = folder.assetcatalog; path = Assets.xcassets; sourceTree = "<group>"; };
		4B52683C2377325F00C01F19 /* Base */ = {isa = PBXFileReference; lastKnownFileType = file.storyboard; name = Base; path = Base.lproj/LaunchScreen.storyboard; sourceTree = "<group>"; };
		4B52683E2377325F00C01F19 /* Info.plist */ = {isa = PBXFileReference; lastKnownFileType = text.plist.xml; path = Info.plist; sourceTree = "<group>"; };
		4B5268432377325F00C01F19 /* WorldTrotterTests.xctest */ = {isa = PBXFileReference; explicitFileType = wrapper.cfbundle; includeInIndex = 0; path = WorldTrotterTests.xctest; sourceTree = BUILT_PRODUCTS_DIR; };
		4B5268472377325F00C01F19 /* WorldTrotterTests.swift */ = {isa = PBXFileReference; lastKnownFileType = sourcecode.swift; path = WorldTrotterTests.swift; sourceTree = "<group>"; };
		4B5268492377325F00C01F19 /* Info.plist */ = {isa = PBXFileReference; lastKnownFileType = text.plist.xml; path = Info.plist; sourceTree = "<group>"; };
		4B52684E2377325F00C01F19 /* WorldTrotterUITests.xctest */ = {isa = PBXFileReference; explicitFileType = wrapper.cfbundle; includeInIndex = 0; path = WorldTrotterUITests.xctest; sourceTree = BUILT_PRODUCTS_DIR; };
		4B5268522377325F00C01F19 /* WorldTrotterUITests.swift */ = {isa = PBXFileReference; lastKnownFileType = sourcecode.swift; path = WorldTrotterUITests.swift; sourceTree = "<group>"; };
		4B5268542377325F00C01F19 /* Info.plist */ = {isa = PBXFileReference; lastKnownFileType = text.plist.xml; path = Info.plist; sourceTree = "<group>"; };
		4B61FF85237FBA5B0055EDD4 /* ConversionViewController.swift */ = {isa = PBXFileReference; lastKnownFileType = sourcecode.swift; path = ConversionViewController.swift; sourceTree = "<group>"; };
		4B61FF88238075B40055EDD4 /* MapKit.framework */ = {isa = PBXFileReference; lastKnownFileType = wrapper.framework; name = MapKit.framework; path = System/Library/Frameworks/MapKit.framework; sourceTree = SDKROOT; };
/* End PBXFileReference section */

/* Begin PBXFrameworksBuildPhase section */
		4B52682A2377325D00C01F19 /* Frameworks */ = {
			isa = PBXFrameworksBuildPhase;
			buildActionMask = 2147483647;
			files = (
				4B61FF89238075B40055EDD4 /* MapKit.framework in Frameworks */,
			);
			runOnlyForDeploymentPostprocessing = 0;
		};
		4B5268402377325F00C01F19 /* Frameworks */ = {
			isa = PBXFrameworksBuildPhase;
			buildActionMask = 2147483647;
			files = (
			);
			runOnlyForDeploymentPostprocessing = 0;
		};
		4B52684B2377325F00C01F19 /* Frameworks */ = {
			isa = PBXFrameworksBuildPhase;
			buildActionMask = 2147483647;
			files = (
			);
			runOnlyForDeploymentPostprocessing = 0;
		};
/* End PBXFrameworksBuildPhase section */

/* Begin PBXGroup section */
		4B5268242377325D00C01F19 = {
			isa = PBXGroup;
			children = (
				4B52682F2377325D00C01F19 /* WorldTrotter */,
				4B5268462377325F00C01F19 /* WorldTrotterTests */,
				4B5268512377325F00C01F19 /* WorldTrotterUITests */,
				4B52682E2377325D00C01F19 /* Products */,
				4B61FF87238075B40055EDD4 /* Frameworks */,
			);
			sourceTree = "<group>";
		};
		4B52682E2377325D00C01F19 /* Products */ = {
			isa = PBXGroup;
			children = (
				4B52682D2377325D00C01F19 /* WorldTrotter.app */,
				4B5268432377325F00C01F19 /* WorldTrotterTests.xctest */,
				4B52684E2377325F00C01F19 /* WorldTrotterUITests.xctest */,
			);
			name = Products;
			sourceTree = "<group>";
		};
		4B52682F2377325D00C01F19 /* WorldTrotter */ = {
			isa = PBXGroup;
			children = (
				4B61FF85237FBA5B0055EDD4 /* ConversionViewController.swift */,
				4B5268302377325D00C01F19 /* AppDelegate.swift */,
				4B5268322377325D00C01F19 /* SceneDelegate.swift */,
				4B5268362377325D00C01F19 /* Main.storyboard */,
				4B5268392377325F00C01F19 /* Assets.xcassets */,
				4B52683B2377325F00C01F19 /* LaunchScreen.storyboard */,
				4B52683E2377325F00C01F19 /* Info.plist */,
			);
			path = WorldTrotter;
			sourceTree = "<group>";
		};
		4B5268462377325F00C01F19 /* WorldTrotterTests */ = {
			isa = PBXGroup;
			children = (
				4B5268472377325F00C01F19 /* WorldTrotterTests.swift */,
				4B5268492377325F00C01F19 /* Info.plist */,
			);
			path = WorldTrotterTests;
			sourceTree = "<group>";
		};
		4B5268512377325F00C01F19 /* WorldTrotterUITests */ = {
			isa = PBXGroup;
			children = (
				4B5268522377325F00C01F19 /* WorldTrotterUITests.swift */,
				4B5268542377325F00C01F19 /* Info.plist */,
			);
			path = WorldTrotterUITests;
			sourceTree = "<group>";
		};
		4B61FF87238075B40055EDD4 /* Frameworks */ = {
			isa = PBXGroup;
			children = (
				4B61FF88238075B40055EDD4 /* MapKit.framework */,
			);
			name = Frameworks;
			sourceTree = "<group>";
		};
/* End PBXGroup section */

/* Begin PBXNativeTarget section */
		4B52682C2377325D00C01F19 /* WorldTrotter */ = {
			isa = PBXNativeTarget;
			buildConfigurationList = 4B5268572377325F00C01F19 /* Build configuration list for PBXNativeTarget "WorldTrotter" */;
			buildPhases = (
				4B5268292377325D00C01F19 /* Sources */,
				4B52682A2377325D00C01F19 /* Frameworks */,
				4B52682B2377325D00C01F19 /* Resources */,
			);
			buildRules = (
			);
			dependencies = (
			);
			name = WorldTrotter;
			productName = WorldTrotter;
			productReference = 4B52682D2377325D00C01F19 /* WorldTrotter.app */;
			productType = "com.apple.product-type.application";
		};
		4B5268422377325F00C01F19 /* WorldTrotterTests */ = {
			isa = PBXNativeTarget;
			buildConfigurationList = 4B52685A2377325F00C01F19 /* Build configuration list for PBXNativeTarget "WorldTrotterTests" */;
			buildPhases = (
				4B52683F2377325F00C01F19 /* Sources */,
				4B5268402377325F00C01F19 /* Frameworks */,
				4B5268412377325F00C01F19 /* Resources */,
			);
			buildRules = (
			);
			dependencies = (
				4B5268452377325F00C01F19 /* PBXTargetDependency */,
			);
			name = WorldTrotterTests;
			productName = WorldTrotterTests;
			productReference = 4B5268432377325F00C01F19 /* WorldTrotterTests.xctest */;
			productType = "com.apple.product-type.bundle.unit-test";
		};
		4B52684D2377325F00C01F19 /* WorldTrotterUITests */ = {
			isa = PBXNativeTarget;
			buildConfigurationList = 4B52685D2377325F00C01F19 /* Build configuration list for PBXNativeTarget "WorldTrotterUITests" */;
			buildPhases = (
				4B52684A2377325F00C01F19 /* Sources */,
				4B52684B2377325F00C01F19 /* Frameworks */,
				4B52684C2377325F00C01F19 /* Resources */,
			);
			buildRules = (
			);
			dependencies = (
				4B5268502377325F00C01F19 /* PBXTargetDependency */,
			);
			name = WorldTrotterUITests;
			productName = WorldTrotterUITests;
			productReference = 4B52684E2377325F00C01F19 /* WorldTrotterUITests.xctest */;
			productType = "com.apple.product-type.bundle.ui-testing";
		};
/* End PBXNativeTarget section */

/* Begin PBXProject section */
		4B5268252377325D00C01F19 /* Project object */ = {
			isa = PBXProject;
			attributes = {
				LastSwiftUpdateCheck = 1110;
				LastUpgradeCheck = 1110;
				ORGANIZATIONNAME = Makingdevs;
				TargetAttributes = {
					4B52682C2377325D00C01F19 = {
						CreatedOnToolsVersion = 11.1;
					};
					4B5268422377325F00C01F19 = {
						CreatedOnToolsVersion = 11.1;
						TestTargetID = 4B52682C2377325D00C01F19;
					};
					4B52684D2377325F00C01F19 = {
						CreatedOnToolsVersion = 11.1;
						TestTargetID = 4B52682C2377325D00C01F19;
					};
				};
			};
			buildConfigurationList = 4B5268282377325D00C01F19 /* Build configuration list for PBXProject "WorldTrotter" */;
			compatibilityVersion = "Xcode 9.3";
			developmentRegion = en;
			hasScannedForEncodings = 0;
			knownRegions = (
				en,
				Base,
			);
			mainGroup = 4B5268242377325D00C01F19;
			productRefGroup = 4B52682E2377325D00C01F19 /* Products */;
			projectDirPath = "";
			projectRoot = "";
			targets = (
				4B52682C2377325D00C01F19 /* WorldTrotter */,
				4B5268422377325F00C01F19 /* WorldTrotterTests */,
				4B52684D2377325F00C01F19 /* WorldTrotterUITests */,
			);
		};
/* End PBXProject section */

/* Begin PBXResourcesBuildPhase section */
		4B52682B2377325D00C01F19 /* Resources */ = {
			isa = PBXResourcesBuildPhase;
			buildActionMask = 2147483647;
			files = (
				4B52683D2377325F00C01F19 /* LaunchScreen.storyboard in Resources */,
				4B52683A2377325F00C01F19 /* Assets.xcassets in Resources */,
				4B5268382377325D00C01F19 /* Main.storyboard in Resources */,
			);
			runOnlyForDeploymentPostprocessing = 0;
		};
		4B5268412377325F00C01F19 /* Resources */ = {
			isa = PBXResourcesBuildPhase;
			buildActionMask = 2147483647;
			files = (
			);
			runOnlyForDeploymentPostprocessing = 0;
		};
		4B52684C2377325F00C01F19 /* Resources */ = {
			isa = PBXResourcesBuildPhase;
			buildActionMask = 2147483647;
			files = (
			);
			runOnlyForDeploymentPostprocessing = 0;
		};
/* End PBXResourcesBuildPhase section */

/* Begin PBXSourcesBuildPhase section */
		4B5268292377325D00C01F19 /* Sources */ = {
			isa = PBXSourcesBuildPhase;
			buildActionMask = 2147483647;
			files = (
				4B5268312377325D00C01F19 /* AppDelegate.swift in Sources */,
				4B61FF86237FBA5B0055EDD4 /* ConversionViewController.swift in Sources */,
				4B5268332377325D00C01F19 /* SceneDelegate.swift in Sources */,
			);
			runOnlyForDeploymentPostprocessing = 0;
		};
		4B52683F2377325F00C01F19 /* Sources */ = {
			isa = PBXSourcesBuildPhase;
			buildActionMask = 2147483647;
			files = (
				4B5268482377325F00C01F19 /* WorldTrotterTests.swift in Sources */,
			);
			runOnlyForDeploymentPostprocessing = 0;
		};
		4B52684A2377325F00C01F19 /* Sources */ = {
			isa = PBXSourcesBuildPhase;
			buildActionMask = 2147483647;
			files = (
				4B5268532377325F00C01F19 /* WorldTrotterUITests.swift in Sources */,
			);
			runOnlyForDeploymentPostprocessing = 0;
		};
/* End PBXSourcesBuildPhase section */

/* Begin PBXTargetDependency section */
		4B5268452377325F00C01F19 /* PBXTargetDependency */ = {
			isa = PBXTargetDependency;
			target = 4B52682C2377325D00C01F19 /* WorldTrotter */;
			targetProxy = 4B5268442377325F00C01F19 /* PBXContainerItemProxy */;
		};
		4B5268502377325F00C01F19 /* PBXTargetDependency */ = {
			isa = PBXTargetDependency;
			target = 4B52682C2377325D00C01F19 /* WorldTrotter */;
			targetProxy = 4B52684F2377325F00C01F19 /* PBXContainerItemProxy */;
		};
/* End PBXTargetDependency section */

/* Begin PBXVariantGroup section */
		4B5268362377325D00C01F19 /* Main.storyboard */ = {
			isa = PBXVariantGroup;
			children = (
				4B5268372377325D00C01F19 /* Base */,
			);
			name = Main.storyboard;
			sourceTree = "<group>";
		};
		4B52683B2377325F00C01F19 /* LaunchScreen.storyboard */ = {
			isa = PBXVariantGroup;
			children = (
				4B52683C2377325F00C01F19 /* Base */,
			);
			name = LaunchScreen.storyboard;
			sourceTree = "<group>";
		};
/* End PBXVariantGroup section */

/* Begin XCBuildConfiguration section */
		4B5268552377325F00C01F19 /* Debug */ = {
			isa = XCBuildConfiguration;
			buildSettings = {
				ALWAYS_SEARCH_USER_PATHS = NO;
				CLANG_ANALYZER_NONNULL = YES;
				CLANG_ANALYZER_NUMBER_OBJECT_CONVERSION = YES_AGGRESSIVE;
				CLANG_CXX_LANGUAGE_STANDARD = "gnu++14";
				CLANG_CXX_LIBRARY = "libc++";
				CLANG_ENABLE_MODULES = YES;
				CLANG_ENABLE_OBJC_ARC = YES;
				CLANG_ENABLE_OBJC_WEAK = YES;
				CLANG_WARN_BLOCK_CAPTURE_AUTORELEASING = YES;
				CLANG_WARN_BOOL_CONVERSION = YES;
				CLANG_WARN_COMMA = YES;
				CLANG_WARN_CONSTANT_CONVERSION = YES;
				CLANG_WARN_DEPRECATED_OBJC_IMPLEMENTATIONS = YES;
				CLANG_WARN_DIRECT_OBJC_ISA_USAGE = YES_ERROR;
				CLANG_WARN_DOCUMENTATION_COMMENTS = YES;
				CLANG_WARN_EMPTY_BODY = YES;
				CLANG_WARN_ENUM_CONVERSION = YES;
				CLANG_WARN_INFINITE_RECURSION = YES;
				CLANG_WARN_INT_CONVERSION = YES;
				CLANG_WARN_NON_LITERAL_NULL_CONVERSION = YES;
				CLANG_WARN_OBJC_IMPLICIT_RETAIN_SELF = YES;
				CLANG_WARN_OBJC_LITERAL_CONVERSION = YES;
				CLANG_WARN_OBJC_ROOT_CLASS = YES_ERROR;
				CLANG_WARN_RANGE_LOOP_ANALYSIS = YES;
				CLANG_WARN_STRICT_PROTOTYPES = YES;
				CLANG_WARN_SUSPICIOUS_MOVE = YES;
				CLANG_WARN_UNGUARDED_AVAILABILITY = YES_AGGRESSIVE;
				CLANG_WARN_UNREACHABLE_CODE = YES;
				CLANG_WARN__DUPLICATE_METHOD_MATCH = YES;
				COPY_PHASE_STRIP = NO;
				DEBUG_INFORMATION_FORMAT = dwarf;
				ENABLE_STRICT_OBJC_MSGSEND = YES;
				ENABLE_TESTABILITY = YES;
				GCC_C_LANGUAGE_STANDARD = gnu11;
				GCC_DYNAMIC_NO_PIC = NO;
				GCC_NO_COMMON_BLOCKS = YES;
				GCC_OPTIMIZATION_LEVEL = 0;
				GCC_PREPROCESSOR_DEFINITIONS = (
					"DEBUG=1",
					"$(inherited)",
				);
				GCC_WARN_64_TO_32_BIT_CONVERSION = YES;
				GCC_WARN_ABOUT_RETURN_TYPE = YES_ERROR;
				GCC_WARN_UNDECLARED_SELECTOR = YES;
				GCC_WARN_UNINITIALIZED_AUTOS = YES_AGGRESSIVE;
				GCC_WARN_UNUSED_FUNCTION = YES;
				GCC_WARN_UNUSED_VARIABLE = YES;
				IPHONEOS_DEPLOYMENT_TARGET = 13.1;
				MTL_ENABLE_DEBUG_INFO = INCLUDE_SOURCE;
				MTL_FAST_MATH = YES;
				ONLY_ACTIVE_ARCH = YES;
				SDKROOT = iphoneos;
				SWIFT_ACTIVE_COMPILATION_CONDITIONS = DEBUG;
				SWIFT_OPTIMIZATION_LEVEL = "-Onone";
			};
			name = Debug;
		};
		4B5268562377325F00C01F19 /* Release */ = {
			isa = XCBuildConfiguration;
			buildSettings = {
				ALWAYS_SEARCH_USER_PATHS = NO;
				CLANG_ANALYZER_NONNULL = YES;
				CLANG_ANALYZER_NUMBER_OBJECT_CONVERSION = YES_AGGRESSIVE;
				CLANG_CXX_LANGUAGE_STANDARD = "gnu++14";
				CLANG_CXX_LIBRARY = "libc++";
				CLANG_ENABLE_MODULES = YES;
				CLANG_ENABLE_OBJC_ARC = YES;
				CLANG_ENABLE_OBJC_WEAK = YES;
				CLANG_WARN_BLOCK_CAPTURE_AUTORELEASING = YES;
				CLANG_WARN_BOOL_CONVERSION = YES;
				CLANG_WARN_COMMA = YES;
				CLANG_WARN_CONSTANT_CONVERSION = YES;
				CLANG_WARN_DEPRECATED_OBJC_IMPLEMENTATIONS = YES;
				CLANG_WARN_DIRECT_OBJC_ISA_USAGE = YES_ERROR;
				CLANG_WARN_DOCUMENTATION_COMMENTS = YES;
				CLANG_WARN_EMPTY_BODY = YES;
				CLANG_WARN_ENUM_CONVERSION = YES;
				CLANG_WARN_INFINITE_RECURSION = YES;
				CLANG_WARN_INT_CONVERSION = YES;
				CLANG_WARN_NON_LITERAL_NULL_CONVERSION = YES;
				CLANG_WARN_OBJC_IMPLICIT_RETAIN_SELF = YES;
				CLANG_WARN_OBJC_LITERAL_CONVERSION = YES;
				CLANG_WARN_OBJC_ROOT_CLASS = YES_ERROR;
				CLANG_WARN_RANGE_LOOP_ANALYSIS = YES;
				CLANG_WARN_STRICT_PROTOTYPES = YES;
				CLANG_WARN_SUSPICIOUS_MOVE = YES;
				CLANG_WARN_UNGUARDED_AVAILABILITY = YES_AGGRESSIVE;
				CLANG_WARN_UNREACHABLE_CODE = YES;
				CLANG_WARN__DUPLICATE_METHOD_MATCH = YES;
				COPY_PHASE_STRIP = NO;
				DEBUG_INFORMATION_FORMAT = "dwarf-with-dsym";
				ENABLE_NS_ASSERTIONS = NO;
				ENABLE_STRICT_OBJC_MSGSEND = YES;
				GCC_C_LANGUAGE_STANDARD = gnu11;
				GCC_NO_COMMON_BLOCKS = YES;
				GCC_WARN_64_TO_32_BIT_CONVERSION = YES;
				GCC_WARN_ABOUT_RETURN_TYPE = YES_ERROR;
				GCC_WARN_UNDECLARED_SELECTOR = YES;
				GCC_WARN_UNINITIALIZED_AUTOS = YES_AGGRESSIVE;
				GCC_WARN_UNUSED_FUNCTION = YES;
				GCC_WARN_UNUSED_VARIABLE = YES;
				IPHONEOS_DEPLOYMENT_TARGET = 13.1;
				MTL_ENABLE_DEBUG_INFO = NO;
				MTL_FAST_MATH = YES;
				SDKROOT = iphoneos;
				SWIFT_COMPILATION_MODE = wholemodule;
				SWIFT_OPTIMIZATION_LEVEL = "-O";
				VALIDATE_PRODUCT = YES;
			};
			name = Release;
		};
		4B5268582377325F00C01F19 /* Debug */ = {
			isa = XCBuildConfiguration;
			buildSettings = {
				ASSETCATALOG_COMPILER_APPICON_NAME = AppIcon;
				CODE_SIGN_STYLE = Automatic;
				INFOPLIST_FILE = WorldTrotter/Info.plist;
				LD_RUNPATH_SEARCH_PATHS = (
					"$(inherited)",
					"@executable_path/Frameworks",
				);
				PRODUCT_BUNDLE_IDENTIFIER = com.makingdevs.WorldTrotter;
				PRODUCT_NAME = "$(TARGET_NAME)";
				SWIFT_VERSION = 5.0;
				TARGETED_DEVICE_FAMILY = "1,2";
			};
			name = Debug;
		};
		4B5268592377325F00C01F19 /* Release */ = {
			isa = XCBuildConfiguration;
			buildSettings = {
				ASSETCATALOG_COMPILER_APPICON_NAME = AppIcon;
				CODE_SIGN_STYLE = Automatic;
				INFOPLIST_FILE = WorldTrotter/Info.plist;
				LD_RUNPATH_SEARCH_PATHS = (
					"$(inherited)",
					"@executable_path/Frameworks",
				);
				PRODUCT_BUNDLE_IDENTIFIER = com.makingdevs.WorldTrotter;
				PRODUCT_NAME = "$(TARGET_NAME)";
				SWIFT_VERSION = 5.0;
				TARGETED_DEVICE_FAMILY = "1,2";
			};
			name = Release;
		};
		4B52685B2377325F00C01F19 /* Debug */ = {
			isa = XCBuildConfiguration;
			buildSettings = {
				ALWAYS_EMBED_SWIFT_STANDARD_LIBRARIES = YES;
				BUNDLE_LOADER = "$(TEST_HOST)";
				CODE_SIGN_STYLE = Automatic;
				INFOPLIST_FILE = WorldTrotterTests/Info.plist;
				IPHONEOS_DEPLOYMENT_TARGET = 13.1;
				LD_RUNPATH_SEARCH_PATHS = (
					"$(inherited)",
					"@executable_path/Frameworks",
					"@loader_path/Frameworks",
				);
				PRODUCT_BUNDLE_IDENTIFIER = com.makingdevs.WorldTrotterTests;
				PRODUCT_NAME = "$(TARGET_NAME)";
				SWIFT_VERSION = 5.0;
				TARGETED_DEVICE_FAMILY = "1,2";
				TEST_HOST = "$(BUILT_PRODUCTS_DIR)/WorldTrotter.app/WorldTrotter";
			};
			name = Debug;
		};
		4B52685C2377325F00C01F19 /* Release */ = {
			isa = XCBuildConfiguration;
			buildSettings = {
				ALWAYS_EMBED_SWIFT_STANDARD_LIBRARIES = YES;
				BUNDLE_LOADER = "$(TEST_HOST)";
				CODE_SIGN_STYLE = Automatic;
				INFOPLIST_FILE = WorldTrotterTests/Info.plist;
				IPHONEOS_DEPLOYMENT_TARGET = 13.1;
				LD_RUNPATH_SEARCH_PATHS = (
					"$(inherited)",
					"@executable_path/Frameworks",
					"@loader_path/Frameworks",
				);
				PRODUCT_BUNDLE_IDENTIFIER = com.makingdevs.WorldTrotterTests;
				PRODUCT_NAME = "$(TARGET_NAME)";
				SWIFT_VERSION = 5.0;
				TARGETED_DEVICE_FAMILY = "1,2";
				TEST_HOST = "$(BUILT_PRODUCTS_DIR)/WorldTrotter.app/WorldTrotter";
			};
			name = Release;
		};
		4B52685E2377325F00C01F19 /* Debug */ = {
			isa = XCBuildConfiguration;
			buildSettings = {
				ALWAYS_EMBED_SWIFT_STANDARD_LIBRARIES = YES;
				CODE_SIGN_STYLE = Automatic;
				INFOPLIST_FILE = WorldTrotterUITests/Info.plist;
				LD_RUNPATH_SEARCH_PATHS = (
					"$(inherited)",
					"@executable_path/Frameworks",
					"@loader_path/Frameworks",
				);
				PRODUCT_BUNDLE_IDENTIFIER = com.makingdevs.WorldTrotterUITests;
				PRODUCT_NAME = "$(TARGET_NAME)";
				SWIFT_VERSION = 5.0;
				TARGETED_DEVICE_FAMILY = "1,2";
				TEST_TARGET_NAME = WorldTrotter;
			};
			name = Debug;
		};
		4B52685F2377325F00C01F19 /* Release */ = {
			isa = XCBuildConfiguration;
			buildSettings = {
				ALWAYS_EMBED_SWIFT_STANDARD_LIBRARIES = YES;
				CODE_SIGN_STYLE = Automatic;
				INFOPLIST_FILE = WorldTrotterUITests/Info.plist;
				LD_RUNPATH_SEARCH_PATHS = (
					"$(inherited)",
					"@executable_path/Frameworks",
					"@loader_path/Frameworks",
				);
				PRODUCT_BUNDLE_IDENTIFIER = com.makingdevs.WorldTrotterUITests;
				PRODUCT_NAME = "$(TARGET_NAME)";
				SWIFT_VERSION = 5.0;
				TARGETED_DEVICE_FAMILY = "1,2";
				TEST_TARGET_NAME = WorldTrotter;
			};
			name = Release;
		};
/* End XCBuildConfiguration section */

/* Begin XCConfigurationList section */
		4B5268282377325D00C01F19 /* Build configuration list for PBXProject "WorldTrotter" */ = {
			isa = XCConfigurationList;
			buildConfigurations = (
				4B5268552377325F00C01F19 /* Debug */,
				4B5268562377325F00C01F19 /* Release */,
			);
			defaultConfigurationIsVisible = 0;
			defaultConfigurationName = Release;
		};
		4B5268572377325F00C01F19 /* Build configuration list for PBXNativeTarget "WorldTrotter" */ = {
			isa = XCConfigurationList;
			buildConfigurations = (
				4B5268582377325F00C01F19 /* Debug */,
				4B5268592377325F00C01F19 /* Release */,
			);
			defaultConfigurationIsVisible = 0;
			defaultConfigurationName = Release;
		};
		4B52685A2377325F00C01F19 /* Build configuration list for PBXNativeTarget "WorldTrotterTests" */ = {
			isa = XCConfigurationList;
			buildConfigurations = (
				4B52685B2377325F00C01F19 /* Debug */,
				4B52685C2377325F00C01F19 /* Release */,
			);
			defaultConfigurationIsVisible = 0;
			defaultConfigurationName = Release;
		};
		4B52685D2377325F00C01F19 /* Build configuration list for PBXNativeTarget "WorldTrotterUITests" */ = {
			isa = XCConfigurationList;
			buildConfigurations = (
				4B52685E2377325F00C01F19 /* Debug */,
				4B52685F2377325F00C01F19 /* Release */,
			);
			defaultConfigurationIsVisible = 0;
			defaultConfigurationName = Release;
		};
/* End XCConfigurationList section */
	};
	rootObject = 4B5268252377325D00C01F19 /* Project object */;
}
